{
  "name": "xboxgesturemapper",
  "version": "1.0.0",
  "lockfileVersion": 2,
  "requires": true,
  "packages": {
    "": {
      "name": "xboxgesturemapper",
      "version": "1.0.0",
      "dependencies": {
        "react": "18.2.0",
        "react-native": "0.72.4"
      }
    }
  },
  "dependencies": {
    "react": {
      "version": "18.2.0",
      "resolved": "https://registry.npmjs.org/react/-/react-18.2.0.tgz",
      "integrity": "sha512-...",
      "requires": {}
    },
    "react-native": {
      "version": "0.72.4",
      "resolved": "https://registry.npmjs.org/react-native/-/react-native-0.72.4.tgz",
      "integrity": "sha512-...",
      "requires": {}
    }
  }
}
